
Microsoft Visual Studio Solution File, Format Version 12.00
# Visual Studio Version 17
VisualStudioVersion = 17.11.35208.52
MinimumVisualStudioVersion = 10.0.40219.1
Project("{FAE04EC0-301F-11D3-BF4B-00C04F79EFBC}") = "ProductService", "ProductService\ProductService.csproj", "{B6A3548E-6175-49AD-ACA0-5F204A654E7C}"
EndProject
Project("{FAE04EC0-301F-11D3-BF4B-00C04F79EFBC}") = "APIGateway", "APIGateway\APIGateway.csproj", "{DA1AE7CB-D6C6-472F-A9B4-20B0355917C6}"
EndProject
Global
	GlobalSection(SolutionConfigurationPlatforms) = preSolution
		Debug|Any CPU = Debug|Any CPU
		Release|Any CPU = Release|Any CPU
	EndGlobalSection
	GlobalSection(ProjectConfigurationPlatforms) = postSolution
		{B6A3548E-6175-49AD-ACA0-5F204A654E7C}.Debug|Any CPU.ActiveCfg = Debug|Any CPU
		{B6A3548E-6175-49AD-ACA0-5F204A654E7C}.Debug|Any CPU.Build.0 = Debug|Any CPU
		{B6A3548E-6175-49AD-ACA0-5F204A654E7C}.Release|Any CPU.ActiveCfg = Release|Any CPU
		{B6A3548E-6175-49AD-ACA0-5F204A654E7C}.Release|Any CPU.Build.0 = Release|Any CPU
		{DA1AE7CB-D6C6-472F-A9B4-20B0355917C6}.Debug|Any CPU.ActiveCfg = Debug|Any CPU
		{DA1AE7CB-D6C6-472F-A9B4-20B0355917C6}.Debug|Any CPU.Build.0 = Debug|Any CPU
		{DA1AE7CB-D6C6-472F-A9B4-20B0355917C6}.Release|Any CPU.ActiveCfg = Release|Any CPU
		{DA1AE7CB-D6C6-472F-A9B4-20B0355917C6}.Release|Any CPU.Build.0 = Release|Any CPU
	EndGlobalSection
	GlobalSection(SolutionProperties) = preSolution
		HideSolutionNode = FALSE
	EndGlobalSection
	GlobalSection(ExtensibilityGlobals) = postSolution
		SolutionGuid = {4B5E259E-D4B3-4A0A-85BA-2CE9B79D6F63}
	EndGlobalSection
EndGlobal
